
Microsoft Visual Studio Solution File, Format Version 12.00
# Visual Studio 15
VisualStudioVersion = 15.0.27004.2006
MinimumVisualStudioVersion = 10.0.40219.1
Project("{FAE04EC0-301F-11D3-BF4B-00C04F79EFBC}") = "zlua", "zlua\zlua.csproj", "{FE00E8B4-594A-46F0-957B-A3AF643243B9}"
EndProject
Project("{FAE04EC0-301F-11D3-BF4B-00C04F79EFBC}") = "zluaTests", "zluaTests\zluaTests.csproj", "{46F7216B-55A9-4F60-AD7D-ED94103958C6}"
EndProject
Global
	GlobalSection(SolutionConfigurationPlatforms) = preSolution
		Debug|Any CPU = Debug|Any CPU
		Release|Any CPU = Release|Any CPU
	EndGlobalSection
	GlobalSection(ProjectConfigurationPlatforms) = postSolution
		{FE00E8B4-594A-46F0-957B-A3AF643243B9}.Debug|Any CPU.ActiveCfg = Debug|Any CPU
		{FE00E8B4-594A-46F0-957B-A3AF643243B9}.Debug|Any CPU.Build.0 = Debug|Any CPU
		{FE00E8B4-594A-46F0-957B-A3AF643243B9}.Release|Any CPU.ActiveCfg = Release|Any CPU
		{FE00E8B4-594A-46F0-957B-A3AF643243B9}.Release|Any CPU.Build.0 = Release|Any CPU
		{46F7216B-55A9-4F60-AD7D-ED94103958C6}.Debug|Any CPU.ActiveCfg = Debug|Any CPU
		{46F7216B-55A9-4F60-AD7D-ED94103958C6}.Debug|Any CPU.Build.0 = Debug|Any CPU
		{46F7216B-55A9-4F60-AD7D-ED94103958C6}.Release|Any CPU.ActiveCfg = Release|Any CPU
		{46F7216B-55A9-4F60-AD7D-ED94103958C6}.Release|Any CPU.Build.0 = Release|Any CPU
	EndGlobalSection
	GlobalSection(SolutionProperties) = preSolution
		HideSolutionNode = FALSE
	EndGlobalSection
	GlobalSection(ExtensibilityGlobals) = postSolution
		SolutionGuid = {384F91E1-6BDE-4CE6-ADEA-5BA2B33ABA9C}
	EndGlobalSection
EndGlobal
